
Microsoft Visual Studio Solution File, Format Version 12.00
# Visual Studio Version 17
VisualStudioVersion = 17.4.32916.344
MinimumVisualStudioVersion = 10.0.40219.1
Project("{9A19103F-16F7-4668-BE54-9A1E7A4F7556}") = "DiscogsApiClientDemo.UserToken", "DiscogsApiClientDemo.UserToken\DiscogsApiClientDemo.UserToken.csproj", "{701A01E0-14A5-4C4A-9788-5589B638EDC9}"
EndProject
Project("{FAE04EC0-301F-11D3-BF4B-00C04F79EFBC}") = "DiscogsApiClientDemo.PlainOAuth", "DiscogsApiClientDemo.PlainOAuth\DiscogsApiClientDemo.PlainOAuth.csproj", "{A4E680E8-BDC8-493D-A149-382E0674A3A2}"
EndProject
Global
	GlobalSection(SolutionConfigurationPlatforms) = preSolution
		Debug|Any CPU = Debug|Any CPU
		Release|Any CPU = Release|Any CPU
	EndGlobalSection
	GlobalSection(ProjectConfigurationPlatforms) = postSolution
		{701A01E0-14A5-4C4A-9788-5589B638EDC9}.Debug|Any CPU.ActiveCfg = Debug|Any CPU
		{701A01E0-14A5-4C4A-9788-5589B638EDC9}.Debug|Any CPU.Build.0 = Debug|Any CPU
		{701A01E0-14A5-4C4A-9788-5589B638EDC9}.Release|Any CPU.ActiveCfg = Release|Any CPU
		{701A01E0-14A5-4C4A-9788-5589B638EDC9}.Release|Any CPU.Build.0 = Release|Any CPU
		{A4E680E8-BDC8-493D-A149-382E0674A3A2}.Debug|Any CPU.ActiveCfg = Debug|Any CPU
		{A4E680E8-BDC8-493D-A149-382E0674A3A2}.Debug|Any CPU.Build.0 = Debug|Any CPU
		{A4E680E8-BDC8-493D-A149-382E0674A3A2}.Release|Any CPU.ActiveCfg = Release|Any CPU
		{A4E680E8-BDC8-493D-A149-382E0674A3A2}.Release|Any CPU.Build.0 = Release|Any CPU
	EndGlobalSection
	GlobalSection(SolutionProperties) = preSolution
		HideSolutionNode = FALSE
	EndGlobalSection
	GlobalSection(ExtensibilityGlobals) = postSolution
		SolutionGuid = {9AAAF646-776C-441D-BA2B-1CFE96CBB2CD}
	EndGlobalSection
EndGlobal
