
Microsoft Visual Studio Solution File, Format Version 12.00
# Visual Studio Version 17
VisualStudioVersion = 17.2.32317.152
MinimumVisualStudioVersion = 10.0.40219.1
Project("{9A19103F-16F7-4668-BE54-9A1E7A4F7556}") = "DiscogsApiClient", "DiscogsApiClient\DiscogsApiClient.csproj", "{42ECAC14-FA49-4BA0-AB7D-C594AB0A6B00}"
EndProject
Project("{9A19103F-16F7-4668-BE54-9A1E7A4F7556}") = "DiscogsApiClient.Tests", "DiscogsApiClient.Tests\DiscogsApiClient.Tests.csproj", "{489F8E2F-5533-4136-9155-925D1A44BFB8}"
EndProject
Global
	GlobalSection(SolutionConfigurationPlatforms) = preSolution
		Debug|Any CPU = Debug|Any CPU
		Release|Any CPU = Release|Any CPU
	EndGlobalSection
	GlobalSection(ProjectConfigurationPlatforms) = postSolution
		{42ECAC14-FA49-4BA0-AB7D-C594AB0A6B00}.Debug|Any CPU.ActiveCfg = Debug|Any CPU
		{42ECAC14-FA49-4BA0-AB7D-C594AB0A6B00}.Debug|Any CPU.Build.0 = Debug|Any CPU
		{42ECAC14-FA49-4BA0-AB7D-C594AB0A6B00}.Release|Any CPU.ActiveCfg = Release|Any CPU
		{42ECAC14-FA49-4BA0-AB7D-C594AB0A6B00}.Release|Any CPU.Build.0 = Release|Any CPU
		{489F8E2F-5533-4136-9155-925D1A44BFB8}.Debug|Any CPU.ActiveCfg = Debug|Any CPU
		{489F8E2F-5533-4136-9155-925D1A44BFB8}.Debug|Any CPU.Build.0 = Debug|Any CPU
		{489F8E2F-5533-4136-9155-925D1A44BFB8}.Release|Any CPU.ActiveCfg = Release|Any CPU
		{489F8E2F-5533-4136-9155-925D1A44BFB8}.Release|Any CPU.Build.0 = Release|Any CPU
	EndGlobalSection
	GlobalSection(SolutionProperties) = preSolution
		HideSolutionNode = FALSE
	EndGlobalSection
	GlobalSection(ExtensibilityGlobals) = postSolution
		SolutionGuid = {DA57813E-F986-48A2-8749-79ED84E2E94D}
	EndGlobalSection
EndGlobal
